
Microsoft Visual Studio Solution File, Format Version 12.00
# Visual Studio Version 17
VisualStudioVersion = 17.7.34202.233
MinimumVisualStudioVersion = 10.0.40219.1
Project("{9A19103F-16F7-4668-BE54-9A1E7A4F7556}") = "FizzBuzz", "FizzBuzz\FizzBuzz.csproj", "{3A69D30C-B886-4674-A86A-8BF0A34236C9}"
EndProject
Project("{9A19103F-16F7-4668-BE54-9A1E7A4F7556}") = "FizzBuzz_Test", "FizzBuzz_Test\FizzBuzz_Test.csproj", "{0685D284-B103-47D3-81B5-86496282D7D7}"
EndProject
Project("{FAE04EC0-301F-11D3-BF4B-00C04F79EFBC}") = "FindTheBomb", "FindTheBomb\FindTheBomb.csproj", "{AD08833E-18A9-4CC6-89D1-5A64115DCA8F}"
EndProject
Project("{FAE04EC0-301F-11D3-BF4B-00C04F79EFBC}") = "FindTheBomb.test", "FindTheBomb.test\FindTheBomb.test.csproj", "{F2D25663-6295-43BF-967A-FEDA568991F6}"
EndProject
Global
	GlobalSection(SolutionConfigurationPlatforms) = preSolution
		Debug|Any CPU = Debug|Any CPU
		Release|Any CPU = Release|Any CPU
	EndGlobalSection
	GlobalSection(ProjectConfigurationPlatforms) = postSolution
		{3A69D30C-B886-4674-A86A-8BF0A34236C9}.Debug|Any CPU.ActiveCfg = Debug|Any CPU
		{3A69D30C-B886-4674-A86A-8BF0A34236C9}.Debug|Any CPU.Build.0 = Debug|Any CPU
		{3A69D30C-B886-4674-A86A-8BF0A34236C9}.Release|Any CPU.ActiveCfg = Release|Any CPU
		{3A69D30C-B886-4674-A86A-8BF0A34236C9}.Release|Any CPU.Build.0 = Release|Any CPU
		{0685D284-B103-47D3-81B5-86496282D7D7}.Debug|Any CPU.ActiveCfg = Debug|Any CPU
		{0685D284-B103-47D3-81B5-86496282D7D7}.Debug|Any CPU.Build.0 = Debug|Any CPU
		{0685D284-B103-47D3-81B5-86496282D7D7}.Release|Any CPU.ActiveCfg = Release|Any CPU
		{0685D284-B103-47D3-81B5-86496282D7D7}.Release|Any CPU.Build.0 = Release|Any CPU
		{AD08833E-18A9-4CC6-89D1-5A64115DCA8F}.Debug|Any CPU.ActiveCfg = Debug|Any CPU
		{AD08833E-18A9-4CC6-89D1-5A64115DCA8F}.Debug|Any CPU.Build.0 = Debug|Any CPU
		{AD08833E-18A9-4CC6-89D1-5A64115DCA8F}.Release|Any CPU.ActiveCfg = Release|Any CPU
		{AD08833E-18A9-4CC6-89D1-5A64115DCA8F}.Release|Any CPU.Build.0 = Release|Any CPU
		{F2D25663-6295-43BF-967A-FEDA568991F6}.Debug|Any CPU.ActiveCfg = Debug|Any CPU
		{F2D25663-6295-43BF-967A-FEDA568991F6}.Debug|Any CPU.Build.0 = Debug|Any CPU
		{F2D25663-6295-43BF-967A-FEDA568991F6}.Release|Any CPU.ActiveCfg = Release|Any CPU
		{F2D25663-6295-43BF-967A-FEDA568991F6}.Release|Any CPU.Build.0 = Release|Any CPU
	EndGlobalSection
	GlobalSection(SolutionProperties) = preSolution
		HideSolutionNode = FALSE
	EndGlobalSection
	GlobalSection(ExtensibilityGlobals) = postSolution
		SolutionGuid = {664D77D1-3E43-45F0-8F2E-6441E2D46173}
	EndGlobalSection
EndGlobal
